schema: '2.0'
stages:
  stage_01:
    cmd: python stage_01.py
    deps:
    - path: stage_01.py
      md5: 5a41846dd344db1940266c287bee0457
      size: 76
    outs:
    - path: artifacts01.txt
      md5: cef7ccd89dacf1ced6f5ec91d759953f
      size: 5
  stage_02:
    cmd: python stage_02.py
    deps:
    - path: artifacts01.txt
      md5: cef7ccd89dacf1ced6f5ec91d759953f
      size: 5
    - path: stage_02.py
      md5: c26505a8760dc3487c0d96053f601f8a
      size: 60
  stage_03:
    cmd: python stage_03.py
    deps:
    - path: artifacts01.txt
      md5: cef7ccd89dacf1ced6f5ec91d759953f
      size: 5
    - path: stage_03.py
      md5: 246ae973ceed4f44030e7c3e23318503
      size: 151
    outs:
    - path: artifacts02.txt
      md5: a48208b565f8f4b6d985577d5c2d43cb
      size: 21
